
Microsoft Visual Studio Solution File, Format Version 12.00
# Visual Studio Version 17
VisualStudioVersion = 17.3.32929.385
MinimumVisualStudioVersion = 10.0.40219.1
Project("{8BC9CEB8-8B4A-11D0-8D11-00A0C91BC942}") = "DSAL", "DSAL.vcxproj", "{976E2F7B-E53F-4488-9E0F-A8808ECA04C2}"
EndProject
Project("{8BC9CEB8-8B4A-11D0-8D11-00A0C91BC942}") = "UnitTest", "..\UnitTest\UnitTest.vcxproj", "{6EF4A6A6-68A9-415B-BFDC-4210ABF5D681}"
EndProject
Global
	GlobalSection(SolutionConfigurationPlatforms) = preSolution
		Debug|x64 = Debug|x64
		Debug|x86 = Debug|x86
		Release|x64 = Release|x64
		Release|x86 = Release|x86
	EndGlobalSection
	GlobalSection(ProjectConfigurationPlatforms) = postSolution
		{976E2F7B-E53F-4488-9E0F-A8808ECA04C2}.Debug|x64.ActiveCfg = Debug|x64
		{976E2F7B-E53F-4488-9E0F-A8808ECA04C2}.Debug|x64.Build.0 = Debug|x64
		{976E2F7B-E53F-4488-9E0F-A8808ECA04C2}.Debug|x86.ActiveCfg = Debug|Win32
		{976E2F7B-E53F-4488-9E0F-A8808ECA04C2}.Debug|x86.Build.0 = Debug|Win32
		{976E2F7B-E53F-4488-9E0F-A8808ECA04C2}.Release|x64.ActiveCfg = Release|x64
		{976E2F7B-E53F-4488-9E0F-A8808ECA04C2}.Release|x64.Build.0 = Release|x64
		{976E2F7B-E53F-4488-9E0F-A8808ECA04C2}.Release|x86.ActiveCfg = Release|Win32
		{976E2F7B-E53F-4488-9E0F-A8808ECA04C2}.Release|x86.Build.0 = Release|Win32
		{6EF4A6A6-68A9-415B-BFDC-4210ABF5D681}.Debug|x64.ActiveCfg = Debug|x64
		{6EF4A6A6-68A9-415B-BFDC-4210ABF5D681}.Debug|x64.Build.0 = Debug|x64
		{6EF4A6A6-68A9-415B-BFDC-4210ABF5D681}.Debug|x86.ActiveCfg = Debug|Win32
		{6EF4A6A6-68A9-415B-BFDC-4210ABF5D681}.Debug|x86.Build.0 = Debug|Win32
		{6EF4A6A6-68A9-415B-BFDC-4210ABF5D681}.Release|x64.ActiveCfg = Release|x64
		{6EF4A6A6-68A9-415B-BFDC-4210ABF5D681}.Release|x64.Build.0 = Release|x64
		{6EF4A6A6-68A9-415B-BFDC-4210ABF5D681}.Release|x86.ActiveCfg = Release|Win32
		{6EF4A6A6-68A9-415B-BFDC-4210ABF5D681}.Release|x86.Build.0 = Release|Win32
	EndGlobalSection
	GlobalSection(SolutionProperties) = preSolution
		HideSolutionNode = FALSE
	EndGlobalSection
	GlobalSection(ExtensibilityGlobals) = postSolution
		SolutionGuid = {6C4215E7-2340-4E32-9952-B0C0A4065D12}
	EndGlobalSection
EndGlobal
